# THIS IS AN AUTOGENERATED FILE. DO NOT EDIT THIS FILE DIRECTLY.
# yarn lockfile v1


babylon@^6.15.0:
  version "6.17.1"
  resolved "https://registry.yarnpkg.com/babylon/-/babylon-6.17.1.tgz#17f14fddf361b695981fe679385e4f1c01ebd86f"

flow-bin@^0.47.0:
  version "0.47.0"
  resolved "https://registry.yarnpkg.com/flow-bin/-/flow-bin-0.47.0.tgz#a2a08ab3e0d1f1cb57d17e27b30b118b62fda367"

flow-remove-types@^1.2.1:
  version "1.2.1"
  resolved "https://registry.yarnpkg.com/flow-remove-types/-/flow-remove-types-1.2.1.tgz#58e261bf8b842bd234c86cafb982a1213aff0edb"
  dependencies:
    babylon "^6.15.0"
    vlq "^0.2.1"

vlq@^0.2.1:
  version "0.2.2"
  resolved "https://registry.yarnpkg.com/vlq/-/vlq-0.2.2.tgz#e316d5257b40b86bb43cb8d5fea5d7f54d6b0ca1"
